
Microsoft Visual Studio Solution File, Format Version 12.00
# Visual Studio Version 16
VisualStudioVersion = 16.0.31729.503
MinimumVisualStudioVersion = 10.0.40219.1
Project("{8BC9CEB8-8B4A-11D0-8D11-00A0C91BC942}") = "bst", "bst.vcxproj", "{EA3AD095-709F-4146-8860-8C5A273BD741}"
EndProject
Global
	GlobalSection(SolutionConfigurationPlatforms) = preSolution
		Debug|x64 = Debug|x64
		Debug|x86 = Debug|x86
		Release|x64 = Release|x64
		Release|x86 = Release|x86
	EndGlobalSection
	GlobalSection(ProjectConfigurationPlatforms) = postSolution
		{EA3AD095-709F-4146-8860-8C5A273BD741}.Debug|x64.ActiveCfg = Debug|x64
		{EA3AD095-709F-4146-8860-8C5A273BD741}.Debug|x64.Build.0 = Debug|x64
		{EA3AD095-709F-4146-8860-8C5A273BD741}.Debug|x86.ActiveCfg = Debug|Win32
		{EA3AD095-709F-4146-8860-8C5A273BD741}.Debug|x86.Build.0 = Debug|Win32
		{EA3AD095-709F-4146-8860-8C5A273BD741}.Release|x64.ActiveCfg = Release|x64
		{EA3AD095-709F-4146-8860-8C5A273BD741}.Release|x64.Build.0 = Release|x64
		{EA3AD095-709F-4146-8860-8C5A273BD741}.Release|x86.ActiveCfg = Release|Win32
		{EA3AD095-709F-4146-8860-8C5A273BD741}.Release|x86.Build.0 = Release|Win32
	EndGlobalSection
	GlobalSection(SolutionProperties) = preSolution
		HideSolutionNode = FALSE
	EndGlobalSection
	GlobalSection(ExtensibilityGlobals) = postSolution
		SolutionGuid = {F8ABDBF7-B63D-4446-A674-C9E777386C47}
	EndGlobalSection
EndGlobal
